
Microsoft Visual Studio Solution File, Format Version 12.00
# Visual Studio Version 17
VisualStudioVersion = 17.6.33829.357
MinimumVisualStudioVersion = 10.0.40219.1
Project("{9A19103F-16F7-4668-BE54-9A1E7A4F7556}") = "SlimeWeb", "SlimeWeb\SlimeWeb.csproj", "{8CD94ADB-8005-4674-843D-3AA85EDAE1FF}"
EndProject
Project("{9A19103F-16F7-4668-BE54-9A1E7A4F7556}") = "SlimeWeb.Core", "SlimeWeb.Core\SlimeWeb.Core.csproj", "{F4875980-692B-4B18-95C9-935250A1AEB3}"
EndProject
Project("{9A19103F-16F7-4668-BE54-9A1E7A4F7556}") = "ImageSharp", "..\otherprojects\src\ImageSharp\ImageSharp.csproj", "{AEC16D86-2AD2-433D-B233-13AEFD81B640}"
EndProject
Global
	GlobalSection(SolutionConfigurationPlatforms) = preSolution
		Debug|Any CPU = Debug|Any CPU
		Debug|x64 = Debug|x64
		Release|Any CPU = Release|Any CPU
		Release|x64 = Release|x64
	EndGlobalSection
	GlobalSection(ProjectConfigurationPlatforms) = postSolution
		{8CD94ADB-8005-4674-843D-3AA85EDAE1FF}.Debug|Any CPU.ActiveCfg = Debug|Any CPU
		{8CD94ADB-8005-4674-843D-3AA85EDAE1FF}.Debug|Any CPU.Build.0 = Debug|Any CPU
		{8CD94ADB-8005-4674-843D-3AA85EDAE1FF}.Debug|x64.ActiveCfg = Debug|x64
		{8CD94ADB-8005-4674-843D-3AA85EDAE1FF}.Debug|x64.Build.0 = Debug|x64
		{8CD94ADB-8005-4674-843D-3AA85EDAE1FF}.Release|Any CPU.ActiveCfg = Release|Any CPU
		{8CD94ADB-8005-4674-843D-3AA85EDAE1FF}.Release|Any CPU.Build.0 = Release|Any CPU
		{8CD94ADB-8005-4674-843D-3AA85EDAE1FF}.Release|x64.ActiveCfg = Release|x64
		{8CD94ADB-8005-4674-843D-3AA85EDAE1FF}.Release|x64.Build.0 = Release|x64
		{F4875980-692B-4B18-95C9-935250A1AEB3}.Debug|Any CPU.ActiveCfg = Debug|Any CPU
		{F4875980-692B-4B18-95C9-935250A1AEB3}.Debug|Any CPU.Build.0 = Debug|Any CPU
		{F4875980-692B-4B18-95C9-935250A1AEB3}.Debug|x64.ActiveCfg = Debug|x64
		{F4875980-692B-4B18-95C9-935250A1AEB3}.Debug|x64.Build.0 = Debug|x64
		{F4875980-692B-4B18-95C9-935250A1AEB3}.Release|Any CPU.ActiveCfg = Release|Any CPU
		{F4875980-692B-4B18-95C9-935250A1AEB3}.Release|Any CPU.Build.0 = Release|Any CPU
		{F4875980-692B-4B18-95C9-935250A1AEB3}.Release|x64.ActiveCfg = Release|x64
		{F4875980-692B-4B18-95C9-935250A1AEB3}.Release|x64.Build.0 = Release|x64
		{AEC16D86-2AD2-433D-B233-13AEFD81B640}.Debug|Any CPU.ActiveCfg = Debug|Any CPU
		{AEC16D86-2AD2-433D-B233-13AEFD81B640}.Debug|Any CPU.Build.0 = Debug|Any CPU
		{AEC16D86-2AD2-433D-B233-13AEFD81B640}.Debug|x64.ActiveCfg = Debug|Any CPU
		{AEC16D86-2AD2-433D-B233-13AEFD81B640}.Debug|x64.Build.0 = Debug|Any CPU
		{AEC16D86-2AD2-433D-B233-13AEFD81B640}.Release|Any CPU.ActiveCfg = Release|Any CPU
		{AEC16D86-2AD2-433D-B233-13AEFD81B640}.Release|Any CPU.Build.0 = Release|Any CPU
		{AEC16D86-2AD2-433D-B233-13AEFD81B640}.Release|x64.ActiveCfg = Release|Any CPU
		{AEC16D86-2AD2-433D-B233-13AEFD81B640}.Release|x64.Build.0 = Release|Any CPU
	EndGlobalSection
	GlobalSection(SolutionProperties) = preSolution
		HideSolutionNode = FALSE
	EndGlobalSection
	GlobalSection(ExtensibilityGlobals) = postSolution
		SolutionGuid = {FF2ECF1C-EBFB-4A36-9382-A86996B1D855}
	EndGlobalSection
EndGlobal
