
Microsoft Visual Studio Solution File, Format Version 12.00
# Visual Studio Version 17
VisualStudioVersion = 17.6.33829.357
MinimumVisualStudioVersion = 10.0.40219.1
Project("{9A19103F-16F7-4668-BE54-9A1E7A4F7556}") = "SlimeWeb", "SlimeWeb\SlimeWeb.csproj", "{9A5DFD27-7280-45C0-AD78-42A4C182F50B}"
EndProject
Project("{9A19103F-16F7-4668-BE54-9A1E7A4F7556}") = "SlimeWeb.Core", "SlimeWeb.Core\SlimeWeb.Core.csproj", "{94466E6A-E7CC-42A4-8284-A7FC98F84615}"
EndProject
Project("{9A19103F-16F7-4668-BE54-9A1E7A4F7556}") = "SlimeWeb.OathLoginExtCore", "Extentions\ExtCore\SlimeWeb.OathLogin\SlimeWeb.OathLoginExtCore.csproj", "{CDDE8964-45D9-450C-84FB-7E58010C5193}"
EndProject
Project("{FAE04EC0-301F-11D3-BF4B-00C04F79EFBC}") = "HelloWorld", "Extentions\SlimeWebSDK\HelloWorld\HelloWorld.csproj", "{46DA70D0-1AA0-4917-9FED-D71273F99061}"
EndProject
Project("{9A19103F-16F7-4668-BE54-9A1E7A4F7556}") = "SlimeWeb.OathLoginSlimeSDK", "Extentions\SlimeWebSDK\SlimeWeb.OathLogin\SlimeWeb.OathLoginSlimeSDK.csproj", "{08B2427A-E90E-4BE6-8C5F-70D6C1D92C74}"
EndProject
Global
	GlobalSection(SolutionConfigurationPlatforms) = preSolution
		Debug|Any CPU = Debug|Any CPU
		Debug|x64 = Debug|x64
		Release|Any CPU = Release|Any CPU
		Release|x64 = Release|x64
	EndGlobalSection
	GlobalSection(ProjectConfigurationPlatforms) = postSolution
		{9A5DFD27-7280-45C0-AD78-42A4C182F50B}.Debug|Any CPU.ActiveCfg = Debug|Any CPU
		{9A5DFD27-7280-45C0-AD78-42A4C182F50B}.Debug|Any CPU.Build.0 = Debug|Any CPU
		{9A5DFD27-7280-45C0-AD78-42A4C182F50B}.Debug|x64.ActiveCfg = Debug|x64
		{9A5DFD27-7280-45C0-AD78-42A4C182F50B}.Debug|x64.Build.0 = Debug|x64
		{9A5DFD27-7280-45C0-AD78-42A4C182F50B}.Release|Any CPU.ActiveCfg = Release|Any CPU
		{9A5DFD27-7280-45C0-AD78-42A4C182F50B}.Release|Any CPU.Build.0 = Release|Any CPU
		{9A5DFD27-7280-45C0-AD78-42A4C182F50B}.Release|x64.ActiveCfg = Release|x64
		{9A5DFD27-7280-45C0-AD78-42A4C182F50B}.Release|x64.Build.0 = Release|x64
		{94466E6A-E7CC-42A4-8284-A7FC98F84615}.Debug|Any CPU.ActiveCfg = Debug|Any CPU
		{94466E6A-E7CC-42A4-8284-A7FC98F84615}.Debug|Any CPU.Build.0 = Debug|Any CPU
		{94466E6A-E7CC-42A4-8284-A7FC98F84615}.Debug|x64.ActiveCfg = Debug|Any CPU
		{94466E6A-E7CC-42A4-8284-A7FC98F84615}.Debug|x64.Build.0 = Debug|Any CPU
		{94466E6A-E7CC-42A4-8284-A7FC98F84615}.Release|Any CPU.ActiveCfg = Release|Any CPU
		{94466E6A-E7CC-42A4-8284-A7FC98F84615}.Release|Any CPU.Build.0 = Release|Any CPU
		{94466E6A-E7CC-42A4-8284-A7FC98F84615}.Release|x64.ActiveCfg = Release|Any CPU
		{94466E6A-E7CC-42A4-8284-A7FC98F84615}.Release|x64.Build.0 = Release|Any CPU
		{CDDE8964-45D9-450C-84FB-7E58010C5193}.Debug|Any CPU.ActiveCfg = Debug|Any CPU
		{CDDE8964-45D9-450C-84FB-7E58010C5193}.Debug|Any CPU.Build.0 = Debug|Any CPU
		{CDDE8964-45D9-450C-84FB-7E58010C5193}.Debug|x64.ActiveCfg = Debug|Any CPU
		{CDDE8964-45D9-450C-84FB-7E58010C5193}.Debug|x64.Build.0 = Debug|Any CPU
		{CDDE8964-45D9-450C-84FB-7E58010C5193}.Release|Any CPU.ActiveCfg = Release|Any CPU
		{CDDE8964-45D9-450C-84FB-7E58010C5193}.Release|Any CPU.Build.0 = Release|Any CPU
		{CDDE8964-45D9-450C-84FB-7E58010C5193}.Release|x64.ActiveCfg = Release|Any CPU
		{CDDE8964-45D9-450C-84FB-7E58010C5193}.Release|x64.Build.0 = Release|Any CPU
		{46DA70D0-1AA0-4917-9FED-D71273F99061}.Debug|Any CPU.ActiveCfg = Debug|Any CPU
		{46DA70D0-1AA0-4917-9FED-D71273F99061}.Debug|Any CPU.Build.0 = Debug|Any CPU
		{46DA70D0-1AA0-4917-9FED-D71273F99061}.Debug|x64.ActiveCfg = Debug|Any CPU
		{46DA70D0-1AA0-4917-9FED-D71273F99061}.Debug|x64.Build.0 = Debug|Any CPU
		{46DA70D0-1AA0-4917-9FED-D71273F99061}.Release|Any CPU.ActiveCfg = Release|Any CPU
		{46DA70D0-1AA0-4917-9FED-D71273F99061}.Release|Any CPU.Build.0 = Release|Any CPU
		{46DA70D0-1AA0-4917-9FED-D71273F99061}.Release|x64.ActiveCfg = Release|Any CPU
		{46DA70D0-1AA0-4917-9FED-D71273F99061}.Release|x64.Build.0 = Release|Any CPU
		{08B2427A-E90E-4BE6-8C5F-70D6C1D92C74}.Debug|Any CPU.ActiveCfg = Debug|Any CPU
		{08B2427A-E90E-4BE6-8C5F-70D6C1D92C74}.Debug|Any CPU.Build.0 = Debug|Any CPU
		{08B2427A-E90E-4BE6-8C5F-70D6C1D92C74}.Debug|x64.ActiveCfg = Debug|Any CPU
		{08B2427A-E90E-4BE6-8C5F-70D6C1D92C74}.Debug|x64.Build.0 = Debug|Any CPU
		{08B2427A-E90E-4BE6-8C5F-70D6C1D92C74}.Release|Any CPU.ActiveCfg = Release|Any CPU
		{08B2427A-E90E-4BE6-8C5F-70D6C1D92C74}.Release|Any CPU.Build.0 = Release|Any CPU
		{08B2427A-E90E-4BE6-8C5F-70D6C1D92C74}.Release|x64.ActiveCfg = Release|Any CPU
		{08B2427A-E90E-4BE6-8C5F-70D6C1D92C74}.Release|x64.Build.0 = Release|Any CPU
	EndGlobalSection
	GlobalSection(SolutionProperties) = preSolution
		HideSolutionNode = FALSE
	EndGlobalSection
	GlobalSection(ExtensibilityGlobals) = postSolution
		SolutionGuid = {7F302E2E-EC52-450B-8907-1B0B7486C34A}
	EndGlobalSection
EndGlobal
